
Microsoft Visual Studio Solution File, Format Version 12.00
# Visual Studio Version 17
VisualStudioVersion = 17.8.34511.84
MinimumVisualStudioVersion = 10.0.40219.1
Project("{9A19103F-16F7-4668-BE54-9A1E7A4F7556}") = "PartUploadTest", "PartUpload\PartUploadTest.csproj", "{564FF9CC-B42C-4102-BC2D-CDF8213D4238}"
EndProject
Project("{9A19103F-16F7-4668-BE54-9A1E7A4F7556}") = "XSX.MultiPartUploadFile", "XSX.MultiPartUploadFile\XSX.MultiPartUploadFile.csproj", "{4AC1AE8A-206A-482E-AAE2-D3EE7C3D9294}"
EndProject
Global
	GlobalSection(SolutionConfigurationPlatforms) = preSolution
		Debug|Any CPU = Debug|Any CPU
		Release|Any CPU = Release|Any CPU
	EndGlobalSection
	GlobalSection(ProjectConfigurationPlatforms) = postSolution
		{564FF9CC-B42C-4102-BC2D-CDF8213D4238}.Debug|Any CPU.ActiveCfg = Debug|Any CPU
		{564FF9CC-B42C-4102-BC2D-CDF8213D4238}.Debug|Any CPU.Build.0 = Debug|Any CPU
		{564FF9CC-B42C-4102-BC2D-CDF8213D4238}.Release|Any CPU.ActiveCfg = Release|Any CPU
		{564FF9CC-B42C-4102-BC2D-CDF8213D4238}.Release|Any CPU.Build.0 = Release|Any CPU
		{4AC1AE8A-206A-482E-AAE2-D3EE7C3D9294}.Debug|Any CPU.ActiveCfg = Debug|Any CPU
		{4AC1AE8A-206A-482E-AAE2-D3EE7C3D9294}.Debug|Any CPU.Build.0 = Debug|Any CPU
		{4AC1AE8A-206A-482E-AAE2-D3EE7C3D9294}.Release|Any CPU.ActiveCfg = Release|Any CPU
		{4AC1AE8A-206A-482E-AAE2-D3EE7C3D9294}.Release|Any CPU.Build.0 = Release|Any CPU
	EndGlobalSection
	GlobalSection(SolutionProperties) = preSolution
		HideSolutionNode = FALSE
	EndGlobalSection
	GlobalSection(ExtensibilityGlobals) = postSolution
		SolutionGuid = {FE6C57D8-8BAF-4239-B1ED-BE79599427AF}
	EndGlobalSection
EndGlobal
